
Microsoft Visual Studio Solution File, Format Version 12.00
# Visual Studio Version 16
VisualStudioVersion = 16.0.29911.84
MinimumVisualStudioVersion = 10.0.40219.1
Project("{9A19103F-16F7-4668-BE54-9A1E7A4F7556}") = "WebScraping.Api", "WebScraping.Api\WebScraping.Api.csproj", "{8B331746-6E76-4F62-8ED1-202C0B6C52A1}"
EndProject
Project("{FAE04EC0-301F-11D3-BF4B-00C04F79EFBC}") = "WebScraping.Domain", "WebScraping.Domain\WebScraping.Domain.csproj", "{39EE44A7-B672-4DF3-92FC-A9CFD184CA8B}"
EndProject
Global
	GlobalSection(SolutionConfigurationPlatforms) = preSolution
		Debug|Any CPU = Debug|Any CPU
		Release|Any CPU = Release|Any CPU
	EndGlobalSection
	GlobalSection(ProjectConfigurationPlatforms) = postSolution
		{8B331746-6E76-4F62-8ED1-202C0B6C52A1}.Debug|Any CPU.ActiveCfg = Debug|Any CPU
		{8B331746-6E76-4F62-8ED1-202C0B6C52A1}.Debug|Any CPU.Build.0 = Debug|Any CPU
		{8B331746-6E76-4F62-8ED1-202C0B6C52A1}.Release|Any CPU.ActiveCfg = Release|Any CPU
		{8B331746-6E76-4F62-8ED1-202C0B6C52A1}.Release|Any CPU.Build.0 = Release|Any CPU
		{39EE44A7-B672-4DF3-92FC-A9CFD184CA8B}.Debug|Any CPU.ActiveCfg = Debug|Any CPU
		{39EE44A7-B672-4DF3-92FC-A9CFD184CA8B}.Debug|Any CPU.Build.0 = Debug|Any CPU
		{39EE44A7-B672-4DF3-92FC-A9CFD184CA8B}.Release|Any CPU.ActiveCfg = Release|Any CPU
		{39EE44A7-B672-4DF3-92FC-A9CFD184CA8B}.Release|Any CPU.Build.0 = Release|Any CPU
	EndGlobalSection
	GlobalSection(SolutionProperties) = preSolution
		HideSolutionNode = FALSE
	EndGlobalSection
	GlobalSection(ExtensibilityGlobals) = postSolution
		SolutionGuid = {18F4FE60-7813-47D7-A70E-4E0A93F47816}
	EndGlobalSection
EndGlobal
